# This file was autogenerated by Stack.
# You should not edit this file by hand.
# For more information, please see the documentation at:
#   https://docs.haskellstack.org/en/stable/lock_files

packages:
- completed:
    hackage: haddock-api-2.25.1@sha256:37839471c3a5937d6a12e6a17cedd2e58ba98d235ee7f6f66293408b9bb9717f,6061
    pantry-tree:
      size: 4598
      sha256: 74e9ee4972c8adc384db394247c6bfea99d62ddd9c805cced96fe67d686477ac
  original:
    hackage: haddock-api-2.25.1@sha256:37839471c3a5937d6a12e6a17cedd2e58ba98d235ee7f6f66293408b9bb9717f,6061
- completed:
    hackage: hspec-tables-0.0.1@sha256:1f38a282c1f859bdc9522f2ff7b012b58c852c97ece0235307f8d6f0f71420d2,2203
    pantry-tree:
      size: 389
      sha256: e526d59cb051d3c89e57e0c2cd0bd914795b4a6f5215a9dc25e48ec8d165753e
  original:
    hackage: hspec-tables-0.0.1
snapshots:
- completed:
    size: 611909
    url: https://raw.githubusercontent.com/commercialhaskell/stackage-snapshots/master/nightly/2021/12/19.yaml
    sha256: 389d227c255ff7c75a51650a47c9b46aee8caddd77125c7cf1c06ee34b0189b4
  original:
    url: https://raw.githubusercontent.com/commercialhaskell/stackage-snapshots/master/nightly/2021/12/19.yaml
