# This file was autogenerated by Stack.
# You should not edit this file by hand.
# For more information, please see the documentation at:
#   https://docs.haskellstack.org/en/stable/lock_files

packages:
  - completed:
      hackage: hpc-lcov-1.0.1@sha256:9a8247076e9f1e75e38b0e1ce558fcee743cb7aacf46e1b73c109e9326276de9,2845
      pantry-tree:
        size: 628
        sha256: 11fdeca47b72e8c277195dbc1fd5ee8881f554492be7765c1f09dea0f43e4c17
    original:
      hackage: hpc-lcov-1.0.1@sha256:9a8247076e9f1e75e38b0e1ce558fcee743cb7aacf46e1b73c109e9326276de9,2845
  - completed:
      hackage: hspec-tables-0.0.1@sha256:1f38a282c1f859bdc9522f2ff7b012b58c852c97ece0235307f8d6f0f71420d2,2203
      pantry-tree:
        size: 389
        sha256: e526d59cb051d3c89e57e0c2cd0bd914795b4a6f5215a9dc25e48ec8d165753e
    original:
      hackage: hspec-tables-0.0.1@sha256:1f38a282c1f859bdc9522f2ff7b012b58c852c97ece0235307f8d6f0f71420d2,2203
snapshots:
  - completed:
      size: 611909
      url: https://raw.githubusercontent.com/commercialhaskell/stackage-snapshots/master/nightly/2021/12/19.yaml
      sha256: 389d227c255ff7c75a51650a47c9b46aee8caddd77125c7cf1c06ee34b0189b4
    original:
      url: https://raw.githubusercontent.com/commercialhaskell/stackage-snapshots/master/nightly/2021/12/19.yaml
